{
  "object": {
    "pins": [
      {
        "package": "CryptoSwift",
        "repositoryURL": "https://github.com/krzyzanowskim/CryptoSwift.git",
        "state": {
          "branch": "main",
          "revision": "64835e7a3745ca85fab7ef88c8c5a31a9132bd74",
          "version": null
        }
      },
      {
        "package": "FlappyEncryption",
        "repositoryURL": "https://github.com/crypticplank/FlappyEncryption",
        "state": {
          "branch": "main",
          "revision": "d7d046717efc66cca3f60eb59592b3fb528c4e79",
          "version": null
        }
      }
    ]
  },
  "version": 1
}
